
Microsoft Visual Studio Solution File, Format Version 12.00
# Visual Studio Version 17
VisualStudioVersion = 17.8.34322.80
MinimumVisualStudioVersion = 10.0.40219.1
Project("{9A19103F-16F7-4668-BE54-9A1E7A4F7556}") = "Location.ViewConsole", "Location.ViewConsole\Location.ViewConsole.csproj", "{D6DB3853-EB19-4B19-AFBA-E87C76BAC045}"
EndProject
Project("{9A19103F-16F7-4668-BE54-9A1E7A4F7556}") = "Location.Entities", "Location.Entities\Location.Entities.csproj", "{24727637-FA22-412D-A27F-4FB1DF3DC648}"
EndProject
Project("{9A19103F-16F7-4668-BE54-9A1E7A4F7556}") = "Location.Controllers", "Location.Controllers\Location.Controllers.csproj", "{BA9520C1-C8C0-43CB-A302-E46B5C8A8B94}"
EndProject
Project("{9A19103F-16F7-4668-BE54-9A1E7A4F7556}") = "Location.Business", "Location.Business\Location.Business.csproj", "{652B6E79-78A1-48EF-87E5-C5571A60560B}"
EndProject
Project("{9A19103F-16F7-4668-BE54-9A1E7A4F7556}") = "Location.Repository.Contracts", "Location.Repository.Contracts\Location.Repository.Contracts.csproj", "{B8296B2D-FF34-444C-9E81-3B51228DD7BD}"
EndProject
Project("{9A19103F-16F7-4668-BE54-9A1E7A4F7556}") = "Location.Repository", "Location.Repository\Location.Repository.csproj", "{27DF4261-EDA7-4FF3-A939-55620073CD40}"
EndProject
Project("{9A19103F-16F7-4668-BE54-9A1E7A4F7556}") = "Location.Business.Contracts", "Location.Business.Contracts\Location.Business.Contracts.csproj", "{BC7398E1-AED1-4112-86C3-98C41212E4CC}"
EndProject
Project("{2150E333-8FDC-42A3-9474-1A3956D46DE8}") = "src", "src", "{2C4FC1BD-D9B0-449A-ADEA-368E522A1E2B}"
EndProject
Project("{2150E333-8FDC-42A3-9474-1A3956D46DE8}") = "tests", "tests", "{95E9CBBA-6948-4F24-ABDB-D8679DFE9A8A}"
EndProject
Project("{FAE04EC0-301F-11D3-BF4B-00C04F79EFBC}") = "Location.Tests.Units", "Location.Tests.Units\Location.Tests.Units.csproj", "{528DA815-3D94-47CA-8E6B-B90ACAF00085}"
EndProject
Project("{FAE04EC0-301F-11D3-BF4B-00C04F79EFBC}") = "Location.Tests.Common", "Location.Tests.Common\Location.Tests.Common.csproj", "{6FC90099-8DEE-4A6F-B160-04ABF9C0F8A0}"
EndProject
Global
	GlobalSection(SolutionConfigurationPlatforms) = preSolution
		Debug|Any CPU = Debug|Any CPU
		Release|Any CPU = Release|Any CPU
	EndGlobalSection
	GlobalSection(ProjectConfigurationPlatforms) = postSolution
		{D6DB3853-EB19-4B19-AFBA-E87C76BAC045}.Debug|Any CPU.ActiveCfg = Debug|Any CPU
		{D6DB3853-EB19-4B19-AFBA-E87C76BAC045}.Debug|Any CPU.Build.0 = Debug|Any CPU
		{D6DB3853-EB19-4B19-AFBA-E87C76BAC045}.Release|Any CPU.ActiveCfg = Release|Any CPU
		{D6DB3853-EB19-4B19-AFBA-E87C76BAC045}.Release|Any CPU.Build.0 = Release|Any CPU
		{24727637-FA22-412D-A27F-4FB1DF3DC648}.Debug|Any CPU.ActiveCfg = Debug|Any CPU
		{24727637-FA22-412D-A27F-4FB1DF3DC648}.Debug|Any CPU.Build.0 = Debug|Any CPU
		{24727637-FA22-412D-A27F-4FB1DF3DC648}.Release|Any CPU.ActiveCfg = Release|Any CPU
		{24727637-FA22-412D-A27F-4FB1DF3DC648}.Release|Any CPU.Build.0 = Release|Any CPU
		{BA9520C1-C8C0-43CB-A302-E46B5C8A8B94}.Debug|Any CPU.ActiveCfg = Debug|Any CPU
		{BA9520C1-C8C0-43CB-A302-E46B5C8A8B94}.Debug|Any CPU.Build.0 = Debug|Any CPU
		{BA9520C1-C8C0-43CB-A302-E46B5C8A8B94}.Release|Any CPU.ActiveCfg = Release|Any CPU
		{BA9520C1-C8C0-43CB-A302-E46B5C8A8B94}.Release|Any CPU.Build.0 = Release|Any CPU
		{652B6E79-78A1-48EF-87E5-C5571A60560B}.Debug|Any CPU.ActiveCfg = Debug|Any CPU
		{652B6E79-78A1-48EF-87E5-C5571A60560B}.Debug|Any CPU.Build.0 = Debug|Any CPU
		{652B6E79-78A1-48EF-87E5-C5571A60560B}.Release|Any CPU.ActiveCfg = Release|Any CPU
		{652B6E79-78A1-48EF-87E5-C5571A60560B}.Release|Any CPU.Build.0 = Release|Any CPU
		{B8296B2D-FF34-444C-9E81-3B51228DD7BD}.Debug|Any CPU.ActiveCfg = Debug|Any CPU
		{B8296B2D-FF34-444C-9E81-3B51228DD7BD}.Debug|Any CPU.Build.0 = Debug|Any CPU
		{B8296B2D-FF34-444C-9E81-3B51228DD7BD}.Release|Any CPU.ActiveCfg = Release|Any CPU
		{B8296B2D-FF34-444C-9E81-3B51228DD7BD}.Release|Any CPU.Build.0 = Release|Any CPU
		{27DF4261-EDA7-4FF3-A939-55620073CD40}.Debug|Any CPU.ActiveCfg = Debug|Any CPU
		{27DF4261-EDA7-4FF3-A939-55620073CD40}.Debug|Any CPU.Build.0 = Debug|Any CPU
		{27DF4261-EDA7-4FF3-A939-55620073CD40}.Release|Any CPU.ActiveCfg = Release|Any CPU
		{27DF4261-EDA7-4FF3-A939-55620073CD40}.Release|Any CPU.Build.0 = Release|Any CPU
		{BC7398E1-AED1-4112-86C3-98C41212E4CC}.Debug|Any CPU.ActiveCfg = Debug|Any CPU
		{BC7398E1-AED1-4112-86C3-98C41212E4CC}.Debug|Any CPU.Build.0 = Debug|Any CPU
		{BC7398E1-AED1-4112-86C3-98C41212E4CC}.Release|Any CPU.ActiveCfg = Release|Any CPU
		{BC7398E1-AED1-4112-86C3-98C41212E4CC}.Release|Any CPU.Build.0 = Release|Any CPU
		{528DA815-3D94-47CA-8E6B-B90ACAF00085}.Debug|Any CPU.ActiveCfg = Debug|Any CPU
		{528DA815-3D94-47CA-8E6B-B90ACAF00085}.Debug|Any CPU.Build.0 = Debug|Any CPU
		{528DA815-3D94-47CA-8E6B-B90ACAF00085}.Release|Any CPU.ActiveCfg = Release|Any CPU
		{528DA815-3D94-47CA-8E6B-B90ACAF00085}.Release|Any CPU.Build.0 = Release|Any CPU
		{6FC90099-8DEE-4A6F-B160-04ABF9C0F8A0}.Debug|Any CPU.ActiveCfg = Debug|Any CPU
		{6FC90099-8DEE-4A6F-B160-04ABF9C0F8A0}.Debug|Any CPU.Build.0 = Debug|Any CPU
		{6FC90099-8DEE-4A6F-B160-04ABF9C0F8A0}.Release|Any CPU.ActiveCfg = Release|Any CPU
		{6FC90099-8DEE-4A6F-B160-04ABF9C0F8A0}.Release|Any CPU.Build.0 = Release|Any CPU
	EndGlobalSection
	GlobalSection(SolutionProperties) = preSolution
		HideSolutionNode = FALSE
	EndGlobalSection
	GlobalSection(NestedProjects) = preSolution
		{D6DB3853-EB19-4B19-AFBA-E87C76BAC045} = {2C4FC1BD-D9B0-449A-ADEA-368E522A1E2B}
		{24727637-FA22-412D-A27F-4FB1DF3DC648} = {2C4FC1BD-D9B0-449A-ADEA-368E522A1E2B}
		{BA9520C1-C8C0-43CB-A302-E46B5C8A8B94} = {2C4FC1BD-D9B0-449A-ADEA-368E522A1E2B}
		{652B6E79-78A1-48EF-87E5-C5571A60560B} = {2C4FC1BD-D9B0-449A-ADEA-368E522A1E2B}
		{B8296B2D-FF34-444C-9E81-3B51228DD7BD} = {2C4FC1BD-D9B0-449A-ADEA-368E522A1E2B}
		{27DF4261-EDA7-4FF3-A939-55620073CD40} = {2C4FC1BD-D9B0-449A-ADEA-368E522A1E2B}
		{BC7398E1-AED1-4112-86C3-98C41212E4CC} = {2C4FC1BD-D9B0-449A-ADEA-368E522A1E2B}
		{528DA815-3D94-47CA-8E6B-B90ACAF00085} = {95E9CBBA-6948-4F24-ABDB-D8679DFE9A8A}
		{6FC90099-8DEE-4A6F-B160-04ABF9C0F8A0} = {95E9CBBA-6948-4F24-ABDB-D8679DFE9A8A}
	EndGlobalSection
	GlobalSection(ExtensibilityGlobals) = postSolution
		SolutionGuid = {61237CC5-49E5-4025-A51C-DBF8F05660AC}
		RESX_NeutralResourcesLanguage = fr-FR
	EndGlobalSection
EndGlobal
